
Microsoft Visual Studio Solution File, Format Version 12.00
# Visual Studio 15
VisualStudioVersion = 15.0.27130.0
MinimumVisualStudioVersion = 10.0.40219.1
Project("{FAE04EC0-301F-11D3-BF4B-00C04F79EFBC}") = "ModelValidation", "ModelValidation\ModelValidation.csproj", "{DA843AFB-7F44-4EEA-9551-A1561027A0CB}"
EndProject
Global
	GlobalSection(SolutionConfigurationPlatforms) = preSolution
		Debug|Any CPU = Debug|Any CPU
		Release|Any CPU = Release|Any CPU
	EndGlobalSection
	GlobalSection(ProjectConfigurationPlatforms) = postSolution
		{DA843AFB-7F44-4EEA-9551-A1561027A0CB}.Debug|Any CPU.ActiveCfg = Debug|Any CPU
		{DA843AFB-7F44-4EEA-9551-A1561027A0CB}.Debug|Any CPU.Build.0 = Debug|Any CPU
		{DA843AFB-7F44-4EEA-9551-A1561027A0CB}.Release|Any CPU.ActiveCfg = Release|Any CPU
		{DA843AFB-7F44-4EEA-9551-A1561027A0CB}.Release|Any CPU.Build.0 = Release|Any CPU
	EndGlobalSection
	GlobalSection(SolutionProperties) = preSolution
		HideSolutionNode = FALSE
	EndGlobalSection
	GlobalSection(ExtensibilityGlobals) = postSolution
		SolutionGuid = {B5ECD514-166E-4CE6-B1C5-C08C0EB07784}
	EndGlobalSection
EndGlobal
